// !$*UTF8*$!
{
	archiveVersion = 1;
	classes = {
	};
	objectVersion = 46;
	objects = {

/* Begin PBXBuildFile section */
		78C6F05419F33F3500E4B78F /* AppDelegate.swift in Sources */ = {isa = PBXBuildFile; fileRef = 78C6F05319F33F3500E4B78F /* AppDelegate.swift */; };
		78C6F05619F33F3500E4B78F /* ViewController.swift in Sources */ = {isa = PBXBuildFile; fileRef = 78C6F05519F33F3500E4B78F /* ViewController.swift */; };
		78C6F05919F33F3500E4B78F /* Main.storyboard in Resources */ = {isa = PBXBuildFile; fileRef = 78C6F05719F33F3500E4B78F /* Main.storyboard */; };
		78C6F05B19F33F3500E4B78F /* Images.xcassets in Resources */ = {isa = PBXBuildFile; fileRef = 78C6F05A19F33F3500E4B78F /* Images.xcassets */; };
		78C6F05E19F33F3500E4B78F /* LaunchScreen.xib in Resources */ = {isa = PBXBuildFile; fileRef = 78C6F05C19F33F3500E4B78F /* LaunchScreen.xib */; };
		78C6F06A19F33F3500E4B78F /* LocationTests.swift in Sources */ = {isa = PBXBuildFile; fileRef = 78C6F06919F33F3500E4B78F /* LocationTests.swift */; };
		84473C291A70316500758B10 /* thirdAgainViewController.swift in Sources */ = {isa = PBXBuildFile; fileRef = 84473C281A70316500758B10 /* thirdAgainViewController.swift */; };
		846FFA091A5721AD00603D5D /* ViewControllerSecond.swift in Sources */ = {isa = PBXBuildFile; fileRef = 846FFA081A5721AC00603D5D /* ViewControllerSecond.swift */; };
		848739D81AD397F800F9725C /* thumbs-down.jpg in Resources */ = {isa = PBXBuildFile; fileRef = 848739D71AD397F800F9725C /* thumbs-down.jpg */; };
		848739D91AD397F800F9725C /* thumbs-down.jpg in Resources */ = {isa = PBXBuildFile; fileRef = 848739D71AD397F800F9725C /* thumbs-down.jpg */; };
		848739DA1AD397F800F9725C /* thumbs-down.jpg in Resources */ = {isa = PBXBuildFile; fileRef = 848739D71AD397F800F9725C /* thumbs-down.jpg */; };
		848739DC1AD3980500F9725C /* moneybag.jpg in Resources */ = {isa = PBXBuildFile; fileRef = 848739DB1AD3980500F9725C /* moneybag.jpg */; };
		848739DD1AD3980500F9725C /* moneybag.jpg in Resources */ = {isa = PBXBuildFile; fileRef = 848739DB1AD3980500F9725C /* moneybag.jpg */; };
		848739DE1AD3980500F9725C /* moneybag.jpg in Resources */ = {isa = PBXBuildFile; fileRef = 848739DB1AD3980500F9725C /* moneybag.jpg */; };
		848739E01AD3988300F9725C /* delay.jpg in Resources */ = {isa = PBXBuildFile; fileRef = 848739DF1AD3988300F9725C /* delay.jpg */; };
		848739E11AD3988300F9725C /* delay.jpg in Resources */ = {isa = PBXBuildFile; fileRef = 848739DF1AD3988300F9725C /* delay.jpg */; };
		848739E21AD3988300F9725C /* delay.jpg in Resources */ = {isa = PBXBuildFile; fileRef = 848739DF1AD3988300F9725C /* delay.jpg */; };
		848739E41AD398A300F9725C /* astrologyThumbsUp.jpg in Resources */ = {isa = PBXBuildFile; fileRef = 848739E31AD398A300F9725C /* astrologyThumbsUp.jpg */; };
		848739E51AD398A300F9725C /* astrologyThumbsUp.jpg in Resources */ = {isa = PBXBuildFile; fileRef = 848739E31AD398A300F9725C /* astrologyThumbsUp.jpg */; };
		848739E61AD398A300F9725C /* astrologyThumbsUp.jpg in Resources */ = {isa = PBXBuildFile; fileRef = 848739E31AD398A300F9725C /* astrologyThumbsUp.jpg */; };
		848739E81AD39B4900F9725C /* fight.jpg in Resources */ = {isa = PBXBuildFile; fileRef = 848739E71AD39B4900F9725C /* fight.jpg */; };
		848739E91AD39B4900F9725C /* fight.jpg in Resources */ = {isa = PBXBuildFile; fileRef = 848739E71AD39B4900F9725C /* fight.jpg */; };
		848739EA1AD39B4900F9725C /* fight.jpg in Resources */ = {isa = PBXBuildFile; fileRef = 848739E71AD39B4900F9725C /* fight.jpg */; };
		84BD894F1A51F2D10029297C /* StoryboardAstrology.storyboard in Resources */ = {isa = PBXBuildFile; fileRef = 84BD894E1A51F2D10029297C /* StoryboardAstrology.storyboard */; };
		84CF907B1A414767006CED02 /* sunriseModel.swift in Sources */ = {isa = PBXBuildFile; fileRef = 84CF907A1A414767006CED02 /* sunriseModel.swift */; };
		84D4A1921A42478E00DFF797 /* astrologyDatesModel.swift in Sources */ = {isa = PBXBuildFile; fileRef = 84D4A1911A42478E00DFF797 /* astrologyDatesModel.swift */; };
		84D596BB1ACC736600F59A94 /* InterfaceController.swift in Sources */ = {isa = PBXBuildFile; fileRef = 84D596BA1ACC736600F59A94 /* InterfaceController.swift */; };
		84D596BD1ACC736600F59A94 /* Images.xcassets in Resources */ = {isa = PBXBuildFile; fileRef = 84D596BC1ACC736600F59A94 /* Images.xcassets */; };
		84D596C11ACC736600F59A94 /* AstrologyGuru WatchKit App.app in Resources */ = {isa = PBXBuildFile; fileRef = 84D596C01ACC736600F59A94 /* AstrologyGuru WatchKit App.app */; };
		84D596CB1ACC736600F59A94 /* Images.xcassets in Resources */ = {isa = PBXBuildFile; fileRef = 84D596CA1ACC736600F59A94 /* Images.xcassets */; };
		84D596CE1ACC736600F59A94 /* AstrologyGuru WatchKit Extension.appex in Embed App Extensions */ = {isa = PBXBuildFile; fileRef = 84D596B61ACC736600F59A94 /* AstrologyGuru WatchKit Extension.appex */; settings = {ATTRIBUTES = (RemoveHeadersOnCopy, ); }; };
		84D596D71ACC7DD400F59A94 /* smiley.jpg in Resources */ = {isa = PBXBuildFile; fileRef = 84D596D61ACC7DD400F59A94 /* smiley.jpg */; };
		84D596D81ACC7DD400F59A94 /* smiley.jpg in Resources */ = {isa = PBXBuildFile; fileRef = 84D596D61ACC7DD400F59A94 /* smiley.jpg */; };
		84D596D91ACC7DD400F59A94 /* smiley.jpg in Resources */ = {isa = PBXBuildFile; fileRef = 84D596D61ACC7DD400F59A94 /* smiley.jpg */; };
		84D597121ACCDD7800F59A94 /* FWAnalogClock.m in Sources */ = {isa = PBXBuildFile; fileRef = 84D597111ACCDD7800F59A94 /* FWAnalogClock.m */; };
		84D597131ACCDD7800F59A94 /* FWAnalogClock.m in Sources */ = {isa = PBXBuildFile; fileRef = 84D597111ACCDD7800F59A94 /* FWAnalogClock.m */; };
		84E37A591B093A9300442D56 /* AudioToolbox.framework in Frameworks */ = {isa = PBXBuildFile; fileRef = 84E37A581B093A9300442D56 /* AudioToolbox.framework */; };
		84E37A5B1B093A9900442D56 /* CFNetwork.framework in Frameworks */ = {isa = PBXBuildFile; fileRef = 84E37A5A1B093A9900442D56 /* CFNetwork.framework */; };
		84E37A5D1B093AA000442D56 /* CoreGraphics.framework in Frameworks */ = {isa = PBXBuildFile; fileRef = 84E37A5C1B093AA000442D56 /* CoreGraphics.framework */; };
		84E37A5F1B093AA800442D56 /* CoreLocation.framework in Frameworks */ = {isa = PBXBuildFile; fileRef = 84E37A5E1B093AA800442D56 /* CoreLocation.framework */; };
		84E37A611B093AB100442D56 /* libz.dylib in Frameworks */ = {isa = PBXBuildFile; fileRef = 84E37A601B093AB100442D56 /* libz.dylib */; };
		84E37A631B093AB800442D56 /* MobileCoreServices.framework in Frameworks */ = {isa = PBXBuildFile; fileRef = 84E37A621B093AB800442D56 /* MobileCoreServices.framework */; };
		84E37A651B093ABF00442D56 /* QuartzCore.framework in Frameworks */ = {isa = PBXBuildFile; fileRef = 84E37A641B093ABF00442D56 /* QuartzCore.framework */; };
		84E37A671B093AC600442D56 /* Security.framework in Frameworks */ = {isa = PBXBuildFile; fileRef = 84E37A661B093AC600442D56 /* Security.framework */; };
		84E37A691B093ACE00442D56 /* StoreKit.framework in Frameworks */ = {isa = PBXBuildFile; fileRef = 84E37A681B093ACE00442D56 /* StoreKit.framework */; };
		84E37A6B1B093AE200442D56 /* SystemConfiguration.framework in Frameworks */ = {isa = PBXBuildFile; fileRef = 84E37A6A1B093AE200442D56 /* SystemConfiguration.framework */; };
		84E37A6D1B093AEB00442D56 /* libsqlite3.dylib in Frameworks */ = {isa = PBXBuildFile; fileRef = 84E37A6C1B093AEB00442D56 /* libsqlite3.dylib */; };
		84E37A6F1B093B6A00442D56 /* parse-library-1-11 in Resources */ = {isa = PBXBuildFile; fileRef = 84E37A6E1B093B6A00442D56 /* parse-library-1-11 */; };
		84E37A711B093BCD00442D56 /* CustomClass.m in Sources */ = {isa = PBXBuildFile; fileRef = 84E37A701B093BCD00442D56 /* CustomClass.m */; };
		84E37A781B093D9400442D56 /* Bolts.framework in Frameworks */ = {isa = PBXBuildFile; fileRef = 84E37A721B093D9400442D56 /* Bolts.framework */; };
		84E37A791B093D9400442D56 /* Parse.framework in Frameworks */ = {isa = PBXBuildFile; fileRef = 84E37A731B093D9400442D56 /* Parse.framework */; };
		84E37A7A1B093D9400442D56 /* ParseCrashReporting.framework in Frameworks */ = {isa = PBXBuildFile; fileRef = 84E37A741B093D9400442D56 /* ParseCrashReporting.framework */; };
		84E37A7B1B093D9400442D56 /* ParseFacebookUtils.framework in Frameworks */ = {isa = PBXBuildFile; fileRef = 84E37A751B093D9400442D56 /* ParseFacebookUtils.framework */; };
		84E37A7C1B093D9400442D56 /* ParseFacebookUtilsV4.framework in Frameworks */ = {isa = PBXBuildFile; fileRef = 84E37A761B093D9400442D56 /* ParseFacebookUtilsV4.framework */; };
		84E37A7D1B093D9400442D56 /* ParseUI.framework in Frameworks */ = {isa = PBXBuildFile; fileRef = 84E37A771B093D9400442D56 /* ParseUI.framework */; };
		84E677241AE5B708005670B2 /* steve1.gif in Resources */ = {isa = PBXBuildFile; fileRef = 84E677161AE5B708005670B2 /* steve1.gif */; };
		84E677251AE5B708005670B2 /* steve1.gif in Resources */ = {isa = PBXBuildFile; fileRef = 84E677161AE5B708005670B2 /* steve1.gif */; };
		84E677261AE5B708005670B2 /* steve1.gif in Resources */ = {isa = PBXBuildFile; fileRef = 84E677161AE5B708005670B2 /* steve1.gif */; };
		84E677271AE5B708005670B2 /* steve10.gif in Resources */ = {isa = PBXBuildFile; fileRef = 84E677171AE5B708005670B2 /* steve10.gif */; };
		84E677281AE5B708005670B2 /* steve10.gif in Resources */ = {isa = PBXBuildFile; fileRef = 84E677171AE5B708005670B2 /* steve10.gif */; };
		84E677291AE5B708005670B2 /* steve10.gif in Resources */ = {isa = PBXBuildFile; fileRef = 84E677171AE5B708005670B2 /* steve10.gif */; };
		84E6772A1AE5B708005670B2 /* steve11.gif in Resources */ = {isa = PBXBuildFile; fileRef = 84E677181AE5B708005670B2 /* steve11.gif */; };
		84E6772B1AE5B708005670B2 /* steve11.gif in Resources */ = {isa = PBXBuildFile; fileRef = 84E677181AE5B708005670B2 /* steve11.gif */; };
		84E6772C1AE5B708005670B2 /* steve11.gif in Resources */ = {isa = PBXBuildFile; fileRef = 84E677181AE5B708005670B2 /* steve11.gif */; };
		84E6772D1AE5B708005670B2 /* steve12.gif in Resources */ = {isa = PBXBuildFile; fileRef = 84E677191AE5B708005670B2 /* steve12.gif */; };
		84E6772E1AE5B708005670B2 /* steve12.gif in Resources */ = {isa = PBXBuildFile; fileRef = 84E677191AE5B708005670B2 /* steve12.gif */; };
		84E6772F1AE5B708005670B2 /* steve12.gif in Resources */ = {isa = PBXBuildFile; fileRef = 84E677191AE5B708005670B2 /* steve12.gif */; };
		84E677301AE5B708005670B2 /* steve13.gif in Resources */ = {isa = PBXBuildFile; fileRef = 84E6771A1AE5B708005670B2 /* steve13.gif */; };
		84E677311AE5B708005670B2 /* steve13.gif in Resources */ = {isa = PBXBuildFile; fileRef = 84E6771A1AE5B708005670B2 /* steve13.gif */; };
		84E677321AE5B708005670B2 /* steve13.gif in Resources */ = {isa = PBXBuildFile; fileRef = 84E6771A1AE5B708005670B2 /* steve13.gif */; };
		84E677331AE5B708005670B2 /* steve14.gif in Resources */ = {isa = PBXBuildFile; fileRef = 84E6771B1AE5B708005670B2 /* steve14.gif */; };
		84E677341AE5B708005670B2 /* steve14.gif in Resources */ = {isa = PBXBuildFile; fileRef = 84E6771B1AE5B708005670B2 /* steve14.gif */; };
		84E677351AE5B708005670B2 /* steve14.gif in Resources */ = {isa = PBXBuildFile; fileRef = 84E6771B1AE5B708005670B2 /* steve14.gif */; };
		84E677361AE5B708005670B2 /* steve2.gif in Resources */ = {isa = PBXBuildFile; fileRef = 84E6771C1AE5B708005670B2 /* steve2.gif */; };
		84E677371AE5B708005670B2 /* steve2.gif in Resources */ = {isa = PBXBuildFile; fileRef = 84E6771C1AE5B708005670B2 /* steve2.gif */; };
		84E677381AE5B708005670B2 /* steve2.gif in Resources */ = {isa = PBXBuildFile; fileRef = 84E6771C1AE5B708005670B2 /* steve2.gif */; };
		84E677391AE5B708005670B2 /* steve3.gif in Resources */ = {isa = PBXBuildFile; fileRef = 84E6771D1AE5B708005670B2 /* steve3.gif */; };
		84E6773A1AE5B708005670B2 /* steve3.gif in Resources */ = {isa = PBXBuildFile; fileRef = 84E6771D1AE5B708005670B2 /* steve3.gif */; };
		84E6773B1AE5B708005670B2 /* steve3.gif in Resources */ = {isa = PBXBuildFile; fileRef = 84E6771D1AE5B708005670B2 /* steve3.gif */; };
		84E6773C1AE5B708005670B2 /* steve4.gif in Resources */ = {isa = PBXBuildFile; fileRef = 84E6771E1AE5B708005670B2 /* steve4.gif */; };
		84E6773D1AE5B708005670B2 /* steve4.gif in Resources */ = {isa = PBXBuildFile; fileRef = 84E6771E1AE5B708005670B2 /* steve4.gif */; };
		84E6773E1AE5B708005670B2 /* steve4.gif in Resources */ = {isa = PBXBuildFile; fileRef = 84E6771E1AE5B708005670B2 /* steve4.gif */; };
		84E6773F1AE5B708005670B2 /* steve5.gif in Resources */ = {isa = PBXBuildFile; fileRef = 84E6771F1AE5B708005670B2 /* steve5.gif */; };
		84E677401AE5B708005670B2 /* steve5.gif in Resources */ = {isa = PBXBuildFile; fileRef = 84E6771F1AE5B708005670B2 /* steve5.gif */; };
		84E677411AE5B708005670B2 /* steve5.gif in Resources */ = {isa = PBXBuildFile; fileRef = 84E6771F1AE5B708005670B2 /* steve5.gif */; };
		84E677421AE5B708005670B2 /* steve6.gif in Resources */ = {isa = PBXBuildFile; fileRef = 84E677201AE5B708005670B2 /* steve6.gif */; };
		84E677431AE5B708005670B2 /* steve6.gif in Resources */ = {isa = PBXBuildFile; fileRef = 84E677201AE5B708005670B2 /* steve6.gif */; };
		84E677441AE5B708005670B2 /* steve6.gif in Resources */ = {isa = PBXBuildFile; fileRef = 84E677201AE5B708005670B2 /* steve6.gif */; };
		84E677451AE5B708005670B2 /* steve7.gif in Resources */ = {isa = PBXBuildFile; fileRef = 84E677211AE5B708005670B2 /* steve7.gif */; };
		84E677461AE5B708005670B2 /* steve7.gif in Resources */ = {isa = PBXBuildFile; fileRef = 84E677211AE5B708005670B2 /* steve7.gif */; };
		84E677471AE5B708005670B2 /* steve7.gif in Resources */ = {isa = PBXBuildFile; fileRef = 84E677211AE5B708005670B2 /* steve7.gif */; };
		84E677481AE5B708005670B2 /* steve8.gif in Resources */ = {isa = PBXBuildFile; fileRef = 84E677221AE5B708005670B2 /* steve8.gif */; };
		84E677491AE5B708005670B2 /* steve8.gif in Resources */ = {isa = PBXBuildFile; fileRef = 84E677221AE5B708005670B2 /* steve8.gif */; };
		84E6774A1AE5B708005670B2 /* steve8.gif in Resources */ = {isa = PBXBuildFile; fileRef = 84E677221AE5B708005670B2 /* steve8.gif */; };
		84E6774B1AE5B708005670B2 /* steve9.gif in Resources */ = {isa = PBXBuildFile; fileRef = 84E677231AE5B708005670B2 /* steve9.gif */; };
		84E6774C1AE5B708005670B2 /* steve9.gif in Resources */ = {isa = PBXBuildFile; fileRef = 84E677231AE5B708005670B2 /* steve9.gif */; };
		84E6774D1AE5B708005670B2 /* steve9.gif in Resources */ = {isa = PBXBuildFile; fileRef = 84E677231AE5B708005670B2 /* steve9.gif */; };
		84E6775C1AE5BB13005670B2 /* happy1.png in Resources */ = {isa = PBXBuildFile; fileRef = 84E6774E1AE5BB13005670B2 /* happy1.png */; };
		84E6775D1AE5BB13005670B2 /* happy1.png in Resources */ = {isa = PBXBuildFile; fileRef = 84E6774E1AE5BB13005670B2 /* happy1.png */; };
		84E6775E1AE5BB13005670B2 /* happy1.png in Resources */ = {isa = PBXBuildFile; fileRef = 84E6774E1AE5BB13005670B2 /* happy1.png */; };
		84E6775F1AE5BB13005670B2 /* happy1.png in Resources */ = {isa = PBXBuildFile; fileRef = 84E6774E1AE5BB13005670B2 /* happy1.png */; };
		84E677601AE5BB13005670B2 /* happy2.png in Resources */ = {isa = PBXBuildFile; fileRef = 84E6774F1AE5BB13005670B2 /* happy2.png */; };
		84E677611AE5BB13005670B2 /* happy2.png in Resources */ = {isa = PBXBuildFile; fileRef = 84E6774F1AE5BB13005670B2 /* happy2.png */; };
		84E677621AE5BB13005670B2 /* happy2.png in Resources */ = {isa = PBXBuildFile; fileRef = 84E6774F1AE5BB13005670B2 /* happy2.png */; };
		84E677631AE5BB13005670B2 /* happy2.png in Resources */ = {isa = PBXBuildFile; fileRef = 84E6774F1AE5BB13005670B2 /* happy2.png */; };
		84E677641AE5BB13005670B2 /* happy3.png in Resources */ = {isa = PBXBuildFile; fileRef = 84E677501AE5BB13005670B2 /* happy3.png */; };
		84E677651AE5BB13005670B2 /* happy3.png in Resources */ = {isa = PBXBuildFile; fileRef = 84E677501AE5BB13005670B2 /* happy3.png */; };
		84E677661AE5BB13005670B2 /* happy3.png in Resources */ = {isa = PBXBuildFile; fileRef = 84E677501AE5BB13005670B2 /* happy3.png */; };
		84E677671AE5BB13005670B2 /* happy3.png in Resources */ = {isa = PBXBuildFile; fileRef = 84E677501AE5BB13005670B2 /* happy3.png */; };
		84E677681AE5BB13005670B2 /* happy4.png in Resources */ = {isa = PBXBuildFile; fileRef = 84E677511AE5BB13005670B2 /* happy4.png */; };
		84E677691AE5BB13005670B2 /* happy4.png in Resources */ = {isa = PBXBuildFile; fileRef = 84E677511AE5BB13005670B2 /* happy4.png */; };
		84E6776A1AE5BB13005670B2 /* happy4.png in Resources */ = {isa = PBXBuildFile; fileRef = 84E677511AE5BB13005670B2 /* happy4.png */; };
		84E6776B1AE5BB13005670B2 /* happy4.png in Resources */ = {isa = PBXBuildFile; fileRef = 84E677511AE5BB13005670B2 /* happy4.png */; };
		84E6776C1AE5BB13005670B2 /* happy5.png in Resources */ = {isa = PBXBuildFile; fileRef = 84E677521AE5BB13005670B2 /* happy5.png */; };
		84E6776D1AE5BB13005670B2 /* happy5.png in Resources */ = {isa = PBXBuildFile; fileRef = 84E677521AE5BB13005670B2 /* happy5.png */; };
		84E6776E1AE5BB13005670B2 /* happy5.png in Resources */ = {isa = PBXBuildFile; fileRef = 84E677521AE5BB13005670B2 /* happy5.png */; };
		84E6776F1AE5BB13005670B2 /* happy5.png in Resources */ = {isa = PBXBuildFile; fileRef = 84E677521AE5BB13005670B2 /* happy5.png */; };
		84E677701AE5BB13005670B2 /* happy6.png in Resources */ = {isa = PBXBuildFile; fileRef = 84E677531AE5BB13005670B2 /* happy6.png */; };
		84E677711AE5BB13005670B2 /* happy6.png in Resources */ = {isa = PBXBuildFile; fileRef = 84E677531AE5BB13005670B2 /* happy6.png */; };
		84E677721AE5BB13005670B2 /* happy6.png in Resources */ = {isa = PBXBuildFile; fileRef = 84E677531AE5BB13005670B2 /* happy6.png */; };
		84E677731AE5BB13005670B2 /* happy6.png in Resources */ = {isa = PBXBuildFile; fileRef = 84E677531AE5BB13005670B2 /* happy6.png */; };
		84E677741AE5BB13005670B2 /* happy7.png in Resources */ = {isa = PBXBuildFile; fileRef = 84E677541AE5BB13005670B2 /* happy7.png */; };
		84E677751AE5BB13005670B2 /* happy7.png in Resources */ = {isa = PBXBuildFile; fileRef = 84E677541AE5BB13005670B2 /* happy7.png */; };
		84E677761AE5BB13005670B2 /* happy7.png in Resources */ = {isa = PBXBuildFile; fileRef = 84E677541AE5BB13005670B2 /* happy7.png */; };
		84E677771AE5BB13005670B2 /* happy7.png in Resources */ = {isa = PBXBuildFile; fileRef = 84E677541AE5BB13005670B2 /* happy7.png */; };
		84E677781AE5BB13005670B2 /* happy8.png in Resources */ = {isa = PBXBuildFile; fileRef = 84E677551AE5BB13005670B2 /* happy8.png */; };
		84E677791AE5BB13005670B2 /* happy8.png in Resources */ = {isa = PBXBuildFile; fileRef = 84E677551AE5BB13005670B2 /* happy8.png */; };
		84E6777A1AE5BB13005670B2 /* happy8.png in Resources */ = {isa = PBXBuildFile; fileRef = 84E677551AE5BB13005670B2 /* happy8.png */; };
		84E6777B1AE5BB13005670B2 /* happy8.png in Resources */ = {isa = PBXBuildFile; fileRef = 84E677551AE5BB13005670B2 /* happy8.png */; };
		84E6777C1AE5BB13005670B2 /* happy9.png in Resources */ = {isa = PBXBuildFile; fileRef = 84E677561AE5BB13005670B2 /* happy9.png */; };
		84E6777D1AE5BB13005670B2 /* happy9.png in Resources */ = {isa = PBXBuildFile; fileRef = 84E677561AE5BB13005670B2 /* happy9.png */; };
		84E6777E1AE5BB13005670B2 /* happy9.png in Resources */ = {isa = PBXBuildFile; fileRef = 84E677561AE5BB13005670B2 /* happy9.png */; };
		84E6777F1AE5BB13005670B2 /* happy9.png in Resources */ = {isa = PBXBuildFile; fileRef = 84E677561AE5BB13005670B2 /* happy9.png */; };
		84E677801AE5BB13005670B2 /* happy10.png in Resources */ = {isa = PBXBuildFile; fileRef = 84E677571AE5BB13005670B2 /* happy10.png */; };
		84E677811AE5BB13005670B2 /* happy10.png in Resources */ = {isa = PBXBuildFile; fileRef = 84E677571AE5BB13005670B2 /* happy10.png */; };
		84E677821AE5BB13005670B2 /* happy10.png in Resources */ = {isa = PBXBuildFile; fileRef = 84E677571AE5BB13005670B2 /* happy10.png */; };
		84E677831AE5BB13005670B2 /* happy10.png in Resources */ = {isa = PBXBuildFile; fileRef = 84E677571AE5BB13005670B2 /* happy10.png */; };
		84E677841AE5BB13005670B2 /* happy11.png in Resources */ = {isa = PBXBuildFile; fileRef = 84E677581AE5BB13005670B2 /* happy11.png */; };
		84E677851AE5BB13005670B2 /* happy11.png in Resources */ = {isa = PBXBuildFile; fileRef = 84E677581AE5BB13005670B2 /* happy11.png */; };
		84E677861AE5BB13005670B2 /* happy11.png in Resources */ = {isa = PBXBuildFile; fileRef = 84E677581AE5BB13005670B2 /* happy11.png */; };
		84E677871AE5BB13005670B2 /* happy11.png in Resources */ = {isa = PBXBuildFile; fileRef = 84E677581AE5BB13005670B2 /* happy11.png */; };
		84E677881AE5BB13005670B2 /* happy12.png in Resources */ = {isa = PBXBuildFile; fileRef = 84E677591AE5BB13005670B2 /* happy12.png */; };
		84E677891AE5BB13005670B2 /* happy12.png in Resources */ = {isa = PBXBuildFile; fileRef = 84E677591AE5BB13005670B2 /* happy12.png */; };
		84E6778A1AE5BB13005670B2 /* happy12.png in Resources */ = {isa = PBXBuildFile; fileRef = 84E677591AE5BB13005670B2 /* happy12.png */; };
		84E6778B1AE5BB13005670B2 /* happy12.png in Resources */ = {isa = PBXBuildFile; fileRef = 84E677591AE5BB13005670B2 /* happy12.png */; };
		84E6778C1AE5BB13005670B2 /* happy13.png in Resources */ = {isa = PBXBuildFile; fileRef = 84E6775A1AE5BB13005670B2 /* happy13.png */; };
		84E6778D1AE5BB13005670B2 /* happy13.png in Resources */ = {isa = PBXBuildFile; fileRef = 84E6775A1AE5BB13005670B2 /* happy13.png */; };
		84E6778E1AE5BB13005670B2 /* happy13.png in Resources */ = {isa = PBXBuildFile; fileRef = 84E6775A1AE5BB13005670B2 /* happy13.png */; };
		84E6778F1AE5BB13005670B2 /* happy13.png in Resources */ = {isa = PBXBuildFile; fileRef = 84E6775A1AE5BB13005670B2 /* happy13.png */; };
		84E677901AE5BB13005670B2 /* happy14.png in Resources */ = {isa = PBXBuildFile; fileRef = 84E6775B1AE5BB13005670B2 /* happy14.png */; };
		84E677911AE5BB13005670B2 /* happy14.png in Resources */ = {isa = PBXBuildFile; fileRef = 84E6775B1AE5BB13005670B2 /* happy14.png */; };
		84E677921AE5BB13005670B2 /* happy14.png in Resources */ = {isa = PBXBuildFile; fileRef = 84E6775B1AE5BB13005670B2 /* happy14.png */; };
		84E677931AE5BB13005670B2 /* happy14.png in Resources */ = {isa = PBXBuildFile; fileRef = 84E6775B1AE5BB13005670B2 /* happy14.png */; };
		84E677951AE5C024005670B2 /* watchkitStoryboard.storyboard in Resources */ = {isa = PBXBuildFile; fileRef = 84E677941AE5C023005670B2 /* watchkitStoryboard.storyboard */; };
		84E677961AE5C024005670B2 /* watchkitStoryboard.storyboard in Resources */ = {isa = PBXBuildFile; fileRef = 84E677941AE5C023005670B2 /* watchkitStoryboard.storyboard */; };
		84E677971AE5C024005670B2 /* watchkitStoryboard.storyboard in Resources */ = {isa = PBXBuildFile; fileRef = 84E677941AE5C023005670B2 /* watchkitStoryboard.storyboard */; };
		84E677981AE5C024005670B2 /* watchkitStoryboard.storyboard in Resources */ = {isa = PBXBuildFile; fileRef = 84E677941AE5C023005670B2 /* watchkitStoryboard.storyboard */; };
/* End PBXBuildFile section */

/* Begin PBXContainerItemProxy section */
		78C6F06419F33F3500E4B78F /* PBXContainerItemProxy */ = {
			isa = PBXContainerItemProxy;
			containerPortal = 78C6F04619F33F3400E4B78F /* Project object */;
			proxyType = 1;
			remoteGlobalIDString = 78C6F04D19F33F3500E4B78F;
			remoteInfo = Location;
		};
		84D596C21ACC736600F59A94 /* PBXContainerItemProxy */ = {
			isa = PBXContainerItemProxy;
			containerPortal = 78C6F04619F33F3400E4B78F /* Project object */;
			proxyType = 1;
			remoteGlobalIDString = 84D596BF1ACC736600F59A94;
			remoteInfo = "AstrologyGuru WatchKit App";
		};
		84D596CC1ACC736600F59A94 /* PBXContainerItemProxy */ = {
			isa = PBXContainerItemProxy;
			containerPortal = 78C6F04619F33F3400E4B78F /* Project object */;
			proxyType = 1;
			remoteGlobalIDString = 84D596B51ACC736600F59A94;
			remoteInfo = "AstrologyGuru WatchKit Extension";
		};
/* End PBXContainerItemProxy section */

/* Begin PBXCopyFilesBuildPhase section */
		84D596D51ACC736600F59A94 /* Embed App Extensions */ = {
			isa = PBXCopyFilesBuildPhase;
			buildActionMask = 2147483647;
			dstPath = "";
			dstSubfolderSpec = 13;
			files = (
				84D596CE1ACC736600F59A94 /* AstrologyGuru WatchKit Extension.appex in Embed App Extensions */,
			);
			name = "Embed App Extensions";
			runOnlyForDeploymentPostprocessing = 0;
		};
/* End PBXCopyFilesBuildPhase section */

/* Begin PBXFileReference section */
		78C6F04E19F33F3500E4B78F /* AstrologyGuru.app */ = {isa = PBXFileReference; explicitFileType = wrapper.application; includeInIndex = 0; path = AstrologyGuru.app; sourceTree = BUILT_PRODUCTS_DIR; };
		78C6F05219F33F3500E4B78F /* Info.plist */ = {isa = PBXFileReference; lastKnownFileType = text.plist.xml; path = Info.plist; sourceTree = "<group>"; };
		78C6F05319F33F3500E4B78F /* AppDelegate.swift */ = {isa = PBXFileReference; lastKnownFileType = sourcecode.swift; path = AppDelegate.swift; sourceTree = "<group>"; };
		78C6F05519F33F3500E4B78F /* ViewController.swift */ = {isa = PBXFileReference; lastKnownFileType = sourcecode.swift; path = ViewController.swift; sourceTree = "<group>"; };
		78C6F05819F33F3500E4B78F /* Base */ = {isa = PBXFileReference; lastKnownFileType = file.storyboard; name = Base; path = Base.lproj/Main.storyboard; sourceTree = "<group>"; };
		78C6F05A19F33F3500E4B78F /* Images.xcassets */ = {isa = PBXFileReference; lastKnownFileType = folder.assetcatalog; path = Images.xcassets; sourceTree = "<group>"; };
		78C6F05D19F33F3500E4B78F /* Base */ = {isa = PBXFileReference; lastKnownFileType = file.xib; name = Base; path = Base.lproj/LaunchScreen.xib; sourceTree = "<group>"; };
		78C6F06319F33F3500E4B78F /* AstrologyGuruTests.xctest */ = {isa = PBXFileReference; explicitFileType = wrapper.cfbundle; includeInIndex = 0; path = AstrologyGuruTests.xctest; sourceTree = BUILT_PRODUCTS_DIR; };
		78C6F06819F33F3500E4B78F /* Info.plist */ = {isa = PBXFileReference; lastKnownFileType = text.plist.xml; path = Info.plist; sourceTree = "<group>"; };
		78C6F06919F33F3500E4B78F /* LocationTests.swift */ = {isa = PBXFileReference; lastKnownFileType = sourcecode.swift; path = LocationTests.swift; sourceTree = "<group>"; };
		84473C281A70316500758B10 /* thirdAgainViewController.swift */ = {isa = PBXFileReference; fileEncoding = 4; lastKnownFileType = sourcecode.swift; path = thirdAgainViewController.swift; sourceTree = "<group>"; };
		846FFA081A5721AC00603D5D /* ViewControllerSecond.swift */ = {isa = PBXFileReference; fileEncoding = 4; lastKnownFileType = sourcecode.swift; path = ViewControllerSecond.swift; sourceTree = "<group>"; };
		848739D71AD397F800F9725C /* thumbs-down.jpg */ = {isa = PBXFileReference; lastKnownFileType = image.jpeg; path = "thumbs-down.jpg"; sourceTree = "<group>"; };
		848739DB1AD3980500F9725C /* moneybag.jpg */ = {isa = PBXFileReference; lastKnownFileType = image.jpeg; path = moneybag.jpg; sourceTree = "<group>"; };
		848739DF1AD3988300F9725C /* delay.jpg */ = {isa = PBXFileReference; lastKnownFileType = image.jpeg; path = delay.jpg; sourceTree = "<group>"; };
		848739E31AD398A300F9725C /* astrologyThumbsUp.jpg */ = {isa = PBXFileReference; lastKnownFileType = image.jpeg; path = astrologyThumbsUp.jpg; sourceTree = "<group>"; };
		848739E71AD39B4900F9725C /* fight.jpg */ = {isa = PBXFileReference; lastKnownFileType = image.jpeg; path = fight.jpg; sourceTree = "<group>"; };
		84BD894E1A51F2D10029297C /* StoryboardAstrology.storyboard */ = {isa = PBXFileReference; fileEncoding = 4; lastKnownFileType = file.storyboard; path = StoryboardAstrology.storyboard; sourceTree = "<group>"; };
		84CF907A1A414767006CED02 /* sunriseModel.swift */ = {isa = PBXFileReference; fileEncoding = 4; lastKnownFileType = sourcecode.swift; path = sunriseModel.swift; sourceTree = "<group>"; };
		84D4A1911A42478E00DFF797 /* astrologyDatesModel.swift */ = {isa = PBXFileReference; fileEncoding = 4; lastKnownFileType = sourcecode.swift; path = astrologyDatesModel.swift; sourceTree = "<group>"; };
		84D596B61ACC736600F59A94 /* AstrologyGuru WatchKit Extension.appex */ = {isa = PBXFileReference; explicitFileType = "wrapper.app-extension"; includeInIndex = 0; path = "AstrologyGuru WatchKit Extension.appex"; sourceTree = BUILT_PRODUCTS_DIR; };
		84D596B91ACC736600F59A94 /* Info.plist */ = {isa = PBXFileReference; lastKnownFileType = text.plist.xml; path = Info.plist; sourceTree = "<group>"; };
		84D596BA1ACC736600F59A94 /* InterfaceController.swift */ = {isa = PBXFileReference; lastKnownFileType = sourcecode.swift; path = InterfaceController.swift; sourceTree = "<group>"; };
		84D596BC1ACC736600F59A94 /* Images.xcassets */ = {isa = PBXFileReference; lastKnownFileType = folder.assetcatalog; path = Images.xcassets; sourceTree = "<group>"; };
		84D596C01ACC736600F59A94 /* AstrologyGuru WatchKit App.app */ = {isa = PBXFileReference; explicitFileType = wrapper.application; includeInIndex = 0; path = "AstrologyGuru WatchKit App.app"; sourceTree = BUILT_PRODUCTS_DIR; };
		84D596C61ACC736600F59A94 /* Info.plist */ = {isa = PBXFileReference; lastKnownFileType = text.plist.xml; path = Info.plist; sourceTree = "<group>"; };
		84D596CA1ACC736600F59A94 /* Images.xcassets */ = {isa = PBXFileReference; lastKnownFileType = folder.assetcatalog; path = Images.xcassets; sourceTree = "<group>"; };
		84D596D61ACC7DD400F59A94 /* smiley.jpg */ = {isa = PBXFileReference; lastKnownFileType = image.jpeg; path = smiley.jpg; sourceTree = "<group>"; };
		84D596DA1ACC942200F59A94 /* AstrologyGuru.entitlements */ = {isa = PBXFileReference; lastKnownFileType = text.xml; path = AstrologyGuru.entitlements; sourceTree = "<group>"; };
		84D596DB1ACC9ACF00F59A94 /* AstrologyGuru WatchKit Extension.entitlements */ = {isa = PBXFileReference; lastKnownFileType = text.xml; path = "AstrologyGuru WatchKit Extension.entitlements"; sourceTree = "<group>"; };
		84D5970E1ACCDD7500F59A94 /* AstrologyGuru-Bridging-Header.h */ = {isa = PBXFileReference; lastKnownFileType = sourcecode.c.h; path = "AstrologyGuru-Bridging-Header.h"; sourceTree = "<group>"; };
		84D5970F1ACCDD7600F59A94 /* AstrologyGuru WatchKit Extension-Bridging-Header.h */ = {isa = PBXFileReference; lastKnownFileType = sourcecode.c.h; path = "AstrologyGuru WatchKit Extension-Bridging-Header.h"; sourceTree = "<group>"; };
		84D597101ACCDD7800F59A94 /* FWAnalogClock.h */ = {isa = PBXFileReference; fileEncoding = 4; lastKnownFileType = sourcecode.c.h; path = FWAnalogClock.h; sourceTree = "<group>"; };
		84D597111ACCDD7800F59A94 /* FWAnalogClock.m */ = {isa = PBXFileReference; fileEncoding = 4; lastKnownFileType = sourcecode.c.objc; path = FWAnalogClock.m; sourceTree = "<group>"; };
		84E37A581B093A9300442D56 /* AudioToolbox.framework */ = {isa = PBXFileReference; lastKnownFileType = wrapper.framework; name = AudioToolbox.framework; path = System/Library/Frameworks/AudioToolbox.framework; sourceTree = SDKROOT; };
		84E37A5A1B093A9900442D56 /* CFNetwork.framework */ = {isa = PBXFileReference; lastKnownFileType = wrapper.framework; name = CFNetwork.framework; path = System/Library/Frameworks/CFNetwork.framework; sourceTree = SDKROOT; };
		84E37A5C1B093AA000442D56 /* CoreGraphics.framework */ = {isa = PBXFileReference; lastKnownFileType = wrapper.framework; name = CoreGraphics.framework; path = System/Library/Frameworks/CoreGraphics.framework; sourceTree = SDKROOT; };
		84E37A5E1B093AA800442D56 /* CoreLocation.framework */ = {isa = PBXFileReference; lastKnownFileType = wrapper.framework; name = CoreLocation.framework; path = System/Library/Frameworks/CoreLocation.framework; sourceTree = SDKROOT; };
		84E37A601B093AB100442D56 /* libz.dylib */ = {isa = PBXFileReference; lastKnownFileType = "compiled.mach-o.dylib"; name = libz.dylib; path = usr/lib/libz.dylib; sourceTree = SDKROOT; };
		84E37A621B093AB800442D56 /* MobileCoreServices.framework */ = {isa = PBXFileReference; lastKnownFileType = wrapper.framework; name = MobileCoreServices.framework; path = System/Library/Frameworks/MobileCoreServices.framework; sourceTree = SDKROOT; };
		84E37A641B093ABF00442D56 /* QuartzCore.framework */ = {isa = PBXFileReference; lastKnownFileType = wrapper.framework; name = QuartzCore.framework; path = System/Library/Frameworks/QuartzCore.framework; sourceTree = SDKROOT; };
		84E37A661B093AC600442D56 /* Security.framework */ = {isa = PBXFileReference; lastKnownFileType = wrapper.framework; name = Security.framework; path = System/Library/Frameworks/Security.framework; sourceTree = SDKROOT; };
		84E37A681B093ACE00442D56 /* StoreKit.framework */ = {isa = PBXFileReference; lastKnownFileType = wrapper.framework; name = StoreKit.framework; path = System/Library/Frameworks/StoreKit.framework; sourceTree = SDKROOT; };
		84E37A6A1B093AE200442D56 /* SystemConfiguration.framework */ = {isa = PBXFileReference; lastKnownFileType = wrapper.framework; name = SystemConfiguration.framework; path = System/Library/Frameworks/SystemConfiguration.framework; sourceTree = SDKROOT; };
		84E37A6C1B093AEB00442D56 /* libsqlite3.dylib */ = {isa = PBXFileReference; lastKnownFileType = "compiled.mach-o.dylib"; name = libsqlite3.dylib; path = usr/lib/libsqlite3.dylib; sourceTree = SDKROOT; };
		84E37A6E1B093B6A00442D56 /* parse-library-1-11 */ = {isa = PBXFileReference; lastKnownFileType = folder; path = "parse-library-1-11"; sourceTree = "<group>"; };
		84E37A701B093BCD00442D56 /* CustomClass.m */ = {isa = PBXFileReference; fileEncoding = 4; lastKnownFileType = sourcecode.c.objc; path = CustomClass.m; sourceTree = "<group>"; };
		84E37A721B093D9400442D56 /* Bolts.framework */ = {isa = PBXFileReference; lastKnownFileType = wrapper.framework; name = Bolts.framework; path = "parse-library-1-11/Bolts.framework"; sourceTree = "<group>"; };
		84E37A731B093D9400442D56 /* Parse.framework */ = {isa = PBXFileReference; lastKnownFileType = wrapper.framework; name = Parse.framework; path = "parse-library-1-11/Parse.framework"; sourceTree = "<group>"; };
		84E37A741B093D9400442D56 /* ParseCrashReporting.framework */ = {isa = PBXFileReference; lastKnownFileType = wrapper.framework; name = ParseCrashReporting.framework; path = "parse-library-1-11/ParseCrashReporting.framework"; sourceTree = "<group>"; };
		84E37A751B093D9400442D56 /* ParseFacebookUtils.framework */ = {isa = PBXFileReference; lastKnownFileType = wrapper.framework; name = ParseFacebookUtils.framework; path = "parse-library-1-11/ParseFacebookUtils.framework"; sourceTree = "<group>"; };
		84E37A761B093D9400442D56 /* ParseFacebookUtilsV4.framework */ = {isa = PBXFileReference; lastKnownFileType = wrapper.framework; name = ParseFacebookUtilsV4.framework; path = "parse-library-1-11/ParseFacebookUtilsV4.framework"; sourceTree = "<group>"; };
		84E37A771B093D9400442D56 /* ParseUI.framework */ = {isa = PBXFileReference; lastKnownFileType = wrapper.framework; name = ParseUI.framework; path = "parse-library-1-11/ParseUI.framework"; sourceTree = "<group>"; };
		84E677161AE5B708005670B2 /* steve1.gif */ = {isa = PBXFileReference; lastKnownFileType = image.gif; path = steve1.gif; sourceTree = "<group>"; };
		84E677171AE5B708005670B2 /* steve10.gif */ = {isa = PBXFileReference; lastKnownFileType = image.gif; path = steve10.gif; sourceTree = "<group>"; };
		84E677181AE5B708005670B2 /* steve11.gif */ = {isa = PBXFileReference; lastKnownFileType = image.gif; path = steve11.gif; sourceTree = "<group>"; };
		84E677191AE5B708005670B2 /* steve12.gif */ = {isa = PBXFileReference; lastKnownFileType = image.gif; path = steve12.gif; sourceTree = "<group>"; };
		84E6771A1AE5B708005670B2 /* steve13.gif */ = {isa = PBXFileReference; lastKnownFileType = image.gif; path = steve13.gif; sourceTree = "<group>"; };
		84E6771B1AE5B708005670B2 /* steve14.gif */ = {isa = PBXFileReference; lastKnownFileType = image.gif; path = steve14.gif; sourceTree = "<group>"; };
		84E6771C1AE5B708005670B2 /* steve2.gif */ = {isa = PBXFileReference; lastKnownFileType = image.gif; path = steve2.gif; sourceTree = "<group>"; };
		84E6771D1AE5B708005670B2 /* steve3.gif */ = {isa = PBXFileReference; lastKnownFileType = image.gif; path = steve3.gif; sourceTree = "<group>"; };
		84E6771E1AE5B708005670B2 /* steve4.gif */ = {isa = PBXFileReference; lastKnownFileType = image.gif; path = steve4.gif; sourceTree = "<group>"; };
		84E6771F1AE5B708005670B2 /* steve5.gif */ = {isa = PBXFileReference; lastKnownFileType = image.gif; path = steve5.gif; sourceTree = "<group>"; };
		84E677201AE5B708005670B2 /* steve6.gif */ = {isa = PBXFileReference; lastKnownFileType = image.gif; path = steve6.gif; sourceTree = "<group>"; };
		84E677211AE5B708005670B2 /* steve7.gif */ = {isa = PBXFileReference; lastKnownFileType = image.gif; path = steve7.gif; sourceTree = "<group>"; };
		84E677221AE5B708005670B2 /* steve8.gif */ = {isa = PBXFileReference; lastKnownFileType = image.gif; path = steve8.gif; sourceTree = "<group>"; };
		84E677231AE5B708005670B2 /* steve9.gif */ = {isa = PBXFileReference; lastKnownFileType = image.gif; path = steve9.gif; sourceTree = "<group>"; };
		84E6774E1AE5BB13005670B2 /* happy1.png */ = {isa = PBXFileReference; lastKnownFileType = image.png; path = happy1.png; sourceTree = "<group>"; };
		84E6774F1AE5BB13005670B2 /* happy2.png */ = {isa = PBXFileReference; lastKnownFileType = image.png; path = happy2.png; sourceTree = "<group>"; };
		84E677501AE5BB13005670B2 /* happy3.png */ = {isa = PBXFileReference; lastKnownFileType = image.png; path = happy3.png; sourceTree = "<group>"; };
		84E677511AE5BB13005670B2 /* happy4.png */ = {isa = PBXFileReference; lastKnownFileType = image.png; path = happy4.png; sourceTree = "<group>"; };
		84E677521AE5BB13005670B2 /* happy5.png */ = {isa = PBXFileReference; lastKnownFileType = image.png; path = happy5.png; sourceTree = "<group>"; };
		84E677531AE5BB13005670B2 /* happy6.png */ = {isa = PBXFileReference; lastKnownFileType = image.png; path = happy6.png; sourceTree = "<group>"; };
		84E677541AE5BB13005670B2 /* happy7.png */ = {isa = PBXFileReference; lastKnownFileType = image.png; path = happy7.png; sourceTree = "<group>"; };
		84E677551AE5BB13005670B2 /* happy8.png */ = {isa = PBXFileReference; lastKnownFileType = image.png; path = happy8.png; sourceTree = "<group>"; };
		84E677561AE5BB13005670B2 /* happy9.png */ = {isa = PBXFileReference; lastKnownFileType = image.png; path = happy9.png; sourceTree = "<group>"; };
		84E677571AE5BB13005670B2 /* happy10.png */ = {isa = PBXFileReference; lastKnownFileType = image.png; path = happy10.png; sourceTree = "<group>"; };
		84E677581AE5BB13005670B2 /* happy11.png */ = {isa = PBXFileReference; lastKnownFileType = image.png; path = happy11.png; sourceTree = "<group>"; };
		84E677591AE5BB13005670B2 /* happy12.png */ = {isa = PBXFileReference; lastKnownFileType = image.png; path = happy12.png; sourceTree = "<group>"; };
		84E6775A1AE5BB13005670B2 /* happy13.png */ = {isa = PBXFileReference; lastKnownFileType = image.png; path = happy13.png; sourceTree = "<group>"; };
		84E6775B1AE5BB13005670B2 /* happy14.png */ = {isa = PBXFileReference; lastKnownFileType = image.png; path = happy14.png; sourceTree = "<group>"; };
		84E677941AE5C023005670B2 /* watchkitStoryboard.storyboard */ = {isa = PBXFileReference; fileEncoding = 4; lastKnownFileType = file.storyboard; path = watchkitStoryboard.storyboard; sourceTree = "<group>"; };
/* End PBXFileReference section */

/* Begin PBXFrameworksBuildPhase section */
		78C6F04B19F33F3500E4B78F /* Frameworks */ = {
			isa = PBXFrameworksBuildPhase;
			buildActionMask = 2147483647;
			files = (
				84E37A6D1B093AEB00442D56 /* libsqlite3.dylib in Frameworks */,
				84E37A6B1B093AE200442D56 /* SystemConfiguration.framework in Frameworks */,
				84E37A691B093ACE00442D56 /* StoreKit.framework in Frameworks */,
				84E37A671B093AC600442D56 /* Security.framework in Frameworks */,
				84E37A651B093ABF00442D56 /* QuartzCore.framework in Frameworks */,
				84E37A631B093AB800442D56 /* MobileCoreServices.framework in Frameworks */,
				84E37A611B093AB100442D56 /* libz.dylib in Frameworks */,
				84E37A5F1B093AA800442D56 /* CoreLocation.framework in Frameworks */,
				84E37A5D1B093AA000442D56 /* CoreGraphics.framework in Frameworks */,
				84E37A5B1B093A9900442D56 /* CFNetwork.framework in Frameworks */,
				84E37A591B093A9300442D56 /* AudioToolbox.framework in Frameworks */,
				84E37A781B093D9400442D56 /* Bolts.framework in Frameworks */,
				84E37A791B093D9400442D56 /* Parse.framework in Frameworks */,
				84E37A7A1B093D9400442D56 /* ParseCrashReporting.framework in Frameworks */,
				84E37A7B1B093D9400442D56 /* ParseFacebookUtils.framework in Frameworks */,
				84E37A7C1B093D9400442D56 /* ParseFacebookUtilsV4.framework in Frameworks */,
				84E37A7D1B093D9400442D56 /* ParseUI.framework in Frameworks */,
			);
			runOnlyForDeploymentPostprocessing = 0;
		};
		78C6F06019F33F3500E4B78F /* Frameworks */ = {
			isa = PBXFrameworksBuildPhase;
			buildActionMask = 2147483647;
			files = (
			);
			runOnlyForDeploymentPostprocessing = 0;
		};
		84D596B31ACC736600F59A94 /* Frameworks */ = {
			isa = PBXFrameworksBuildPhase;
			buildActionMask = 2147483647;
			files = (
			);
			runOnlyForDeploymentPostprocessing = 0;
		};
/* End PBXFrameworksBuildPhase section */

/* Begin PBXGroup section */
		78C6F04519F33F3400E4B78F = {
			isa = PBXGroup;
			children = (
				84E37A721B093D9400442D56 /* Bolts.framework */,
				84E37A731B093D9400442D56 /* Parse.framework */,
				84E37A741B093D9400442D56 /* ParseCrashReporting.framework */,
				84E37A751B093D9400442D56 /* ParseFacebookUtils.framework */,
				84E37A761B093D9400442D56 /* ParseFacebookUtilsV4.framework */,
				84E37A771B093D9400442D56 /* ParseUI.framework */,
				84E37A701B093BCD00442D56 /* CustomClass.m */,
				84E37A6E1B093B6A00442D56 /* parse-library-1-11 */,
				84E37A6C1B093AEB00442D56 /* libsqlite3.dylib */,
				84E37A6A1B093AE200442D56 /* SystemConfiguration.framework */,
				84E37A681B093ACE00442D56 /* StoreKit.framework */,
				84E37A661B093AC600442D56 /* Security.framework */,
				84E37A641B093ABF00442D56 /* QuartzCore.framework */,
				84E37A621B093AB800442D56 /* MobileCoreServices.framework */,
				84E37A601B093AB100442D56 /* libz.dylib */,
				84E37A5E1B093AA800442D56 /* CoreLocation.framework */,
				84E37A5C1B093AA000442D56 /* CoreGraphics.framework */,
				84E37A5A1B093A9900442D56 /* CFNetwork.framework */,
				84E37A581B093A9300442D56 /* AudioToolbox.framework */,
				84D596DA1ACC942200F59A94 /* AstrologyGuru.entitlements */,
				78C6F05019F33F3500E4B78F /* Location */,
				78C6F06619F33F3500E4B78F /* LocationTests */,
				84D596B71ACC736600F59A94 /* AstrologyGuru WatchKit Extension */,
				84D596C41ACC736600F59A94 /* AstrologyGuru WatchKit App */,
				78C6F04F19F33F3500E4B78F /* Products */,
			);
			sourceTree = "<group>";
		};
		78C6F04F19F33F3500E4B78F /* Products */ = {
			isa = PBXGroup;
			children = (
				78C6F04E19F33F3500E4B78F /* AstrologyGuru.app */,
				78C6F06319F33F3500E4B78F /* AstrologyGuruTests.xctest */,
				84D596B61ACC736600F59A94 /* AstrologyGuru WatchKit Extension.appex */,
				84D596C01ACC736600F59A94 /* AstrologyGuru WatchKit App.app */,
			);
			name = Products;
			sourceTree = "<group>";
		};
		78C6F05019F33F3500E4B78F /* Location */ = {
			isa = PBXGroup;
			children = (
				84D5970E1ACCDD7500F59A94 /* AstrologyGuru-Bridging-Header.h */,
				84D597101ACCDD7800F59A94 /* FWAnalogClock.h */,
				84D597111ACCDD7800F59A94 /* FWAnalogClock.m */,
				78C6F05319F33F3500E4B78F /* AppDelegate.swift */,
				78C6F05519F33F3500E4B78F /* ViewController.swift */,
				846FFA081A5721AC00603D5D /* ViewControllerSecond.swift */,
				84CF907A1A414767006CED02 /* sunriseModel.swift */,
				84D4A1911A42478E00DFF797 /* astrologyDatesModel.swift */,
				78C6F05719F33F3500E4B78F /* Main.storyboard */,
				84473C281A70316500758B10 /* thirdAgainViewController.swift */,
				84BD894E1A51F2D10029297C /* StoryboardAstrology.storyboard */,
				78C6F05A19F33F3500E4B78F /* Images.xcassets */,
				78C6F05C19F33F3500E4B78F /* LaunchScreen.xib */,
				78C6F05119F33F3500E4B78F /* Supporting Files */,
				84D5970F1ACCDD7600F59A94 /* AstrologyGuru WatchKit Extension-Bridging-Header.h */,
			);
			path = Location;
			sourceTree = "<group>";
		};
		78C6F05119F33F3500E4B78F /* Supporting Files */ = {
			isa = PBXGroup;
			children = (
				78C6F05219F33F3500E4B78F /* Info.plist */,
			);
			name = "Supporting Files";
			sourceTree = "<group>";
		};
		78C6F06619F33F3500E4B78F /* LocationTests */ = {
			isa = PBXGroup;
			children = (
				78C6F06919F33F3500E4B78F /* LocationTests.swift */,
				78C6F06719F33F3500E4B78F /* Supporting Files */,
			);
			path = LocationTests;
			sourceTree = "<group>";
		};
		78C6F06719F33F3500E4B78F /* Supporting Files */ = {
			isa = PBXGroup;
			children = (
				78C6F06819F33F3500E4B78F /* Info.plist */,
			);
			name = "Supporting Files";
			sourceTree = "<group>";
		};
		84D596B71ACC736600F59A94 /* AstrologyGuru WatchKit Extension */ = {
			isa = PBXGroup;
			children = (
				84D596DB1ACC9ACF00F59A94 /* AstrologyGuru WatchKit Extension.entitlements */,
				84D596BA1ACC736600F59A94 /* InterfaceController.swift */,
				84E677151AE5B708005670B2 /* 77c5e9aa8f-gif-gifsicle */,
				84D596BC1ACC736600F59A94 /* Images.xcassets */,
				84D596B81ACC736600F59A94 /* Supporting Files */,
			);
			path = "AstrologyGuru WatchKit Extension";
			sourceTree = "<group>";
		};
		84D596B81ACC736600F59A94 /* Supporting Files */ = {
			isa = PBXGroup;
			children = (
				848739E71AD39B4900F9725C /* fight.jpg */,
				848739E31AD398A300F9725C /* astrologyThumbsUp.jpg */,
				848739DF1AD3988300F9725C /* delay.jpg */,
				848739DB1AD3980500F9725C /* moneybag.jpg */,
				848739D71AD397F800F9725C /* thumbs-down.jpg */,
				84D596D61ACC7DD400F59A94 /* smiley.jpg */,
				84D596B91ACC736600F59A94 /* Info.plist */,
			);
			name = "Supporting Files";
			sourceTree = "<group>";
		};
		84D596C41ACC736600F59A94 /* AstrologyGuru WatchKit App */ = {
			isa = PBXGroup;
			children = (
				84E677941AE5C023005670B2 /* watchkitStoryboard.storyboard */,
				84D596CA1ACC736600F59A94 /* Images.xcassets */,
				84E6774E1AE5BB13005670B2 /* happy1.png */,
				84E6774F1AE5BB13005670B2 /* happy2.png */,
				84E677501AE5BB13005670B2 /* happy3.png */,
				84E677511AE5BB13005670B2 /* happy4.png */,
				84E677521AE5BB13005670B2 /* happy5.png */,
				84E677531AE5BB13005670B2 /* happy6.png */,
				84E677541AE5BB13005670B2 /* happy7.png */,
				84E677551AE5BB13005670B2 /* happy8.png */,
				84E677561AE5BB13005670B2 /* happy9.png */,
				84E677571AE5BB13005670B2 /* happy10.png */,
				84E677581AE5BB13005670B2 /* happy11.png */,
				84E677591AE5BB13005670B2 /* happy12.png */,
				84E6775A1AE5BB13005670B2 /* happy13.png */,
				84E6775B1AE5BB13005670B2 /* happy14.png */,
				84D596C51ACC736600F59A94 /* Supporting Files */,
			);
			path = "AstrologyGuru WatchKit App";
			sourceTree = "<group>";
		};
		84D596C51ACC736600F59A94 /* Supporting Files */ = {
			isa = PBXGroup;
			children = (
				84D596C61ACC736600F59A94 /* Info.plist */,
			);
			name = "Supporting Files";
			sourceTree = "<group>";
		};
		84E677151AE5B708005670B2 /* 77c5e9aa8f-gif-gifsicle */ = {
			isa = PBXGroup;
			children = (
				84E677161AE5B708005670B2 /* steve1.gif */,
				84E677171AE5B708005670B2 /* steve10.gif */,
				84E677181AE5B708005670B2 /* steve11.gif */,
				84E677191AE5B708005670B2 /* steve12.gif */,
				84E6771A1AE5B708005670B2 /* steve13.gif */,
				84E6771B1AE5B708005670B2 /* steve14.gif */,
				84E6771C1AE5B708005670B2 /* steve2.gif */,
				84E6771D1AE5B708005670B2 /* steve3.gif */,
				84E6771E1AE5B708005670B2 /* steve4.gif */,
				84E6771F1AE5B708005670B2 /* steve5.gif */,
				84E677201AE5B708005670B2 /* steve6.gif */,
				84E677211AE5B708005670B2 /* steve7.gif */,
				84E677221AE5B708005670B2 /* steve8.gif */,
				84E677231AE5B708005670B2 /* steve9.gif */,
			);
			path = "77c5e9aa8f-gif-gifsicle";
			sourceTree = "<group>";
		};
/* End PBXGroup section */

/* Begin PBXNativeTarget section */
		78C6F04D19F33F3500E4B78F /* AstrologyGuru */ = {
			isa = PBXNativeTarget;
			buildConfigurationList = 78C6F06D19F33F3500E4B78F /* Build configuration list for PBXNativeTarget "AstrologyGuru" */;
			buildPhases = (
				78C6F04A19F33F3500E4B78F /* Sources */,
				78C6F04B19F33F3500E4B78F /* Frameworks */,
				78C6F04C19F33F3500E4B78F /* Resources */,
				84D596D51ACC736600F59A94 /* Embed App Extensions */,
			);
			buildRules = (
			);
			dependencies = (
				84D596CD1ACC736600F59A94 /* PBXTargetDependency */,
			);
			name = AstrologyGuru;
			productName = Location;
			productReference = 78C6F04E19F33F3500E4B78F /* AstrologyGuru.app */;
			productType = "com.apple.product-type.application";
		};
		78C6F06219F33F3500E4B78F /* AstrologyGuruTests */ = {
			isa = PBXNativeTarget;
			buildConfigurationList = 78C6F07019F33F3500E4B78F /* Build configuration list for PBXNativeTarget "AstrologyGuruTests" */;
			buildPhases = (
				78C6F05F19F33F3500E4B78F /* Sources */,
				78C6F06019F33F3500E4B78F /* Frameworks */,
				78C6F06119F33F3500E4B78F /* Resources */,
			);
			buildRules = (
			);
			dependencies = (
				78C6F06519F33F3500E4B78F /* PBXTargetDependency */,
			);
			name = AstrologyGuruTests;
			productName = LocationTests;
			productReference = 78C6F06319F33F3500E4B78F /* AstrologyGuruTests.xctest */;
			productType = "com.apple.product-type.bundle.unit-test";
		};
		84D596B51ACC736600F59A94 /* AstrologyGuru WatchKit Extension */ = {
			isa = PBXNativeTarget;
			buildConfigurationList = 84D596D41ACC736600F59A94 /* Build configuration list for PBXNativeTarget "AstrologyGuru WatchKit Extension" */;
			buildPhases = (
				84D596B21ACC736600F59A94 /* Sources */,
				84D596B31ACC736600F59A94 /* Frameworks */,
				84D596B41ACC736600F59A94 /* Resources */,
			);
			buildRules = (
			);
			dependencies = (
				84D596C31ACC736600F59A94 /* PBXTargetDependency */,
			);
			name = "AstrologyGuru WatchKit Extension";
			productName = "AstrologyGuru WatchKit Extension";
			productReference = 84D596B61ACC736600F59A94 /* AstrologyGuru WatchKit Extension.appex */;
			productType = "com.apple.product-type.watchkit-extension";
		};
		84D596BF1ACC736600F59A94 /* AstrologyGuru WatchKit App */ = {
			isa = PBXNativeTarget;
			buildConfigurationList = 84D596D31ACC736600F59A94 /* Build configuration list for PBXNativeTarget "AstrologyGuru WatchKit App" */;
			buildPhases = (
				84D596BE1ACC736600F59A94 /* Resources */,
			);
			buildRules = (
			);
			dependencies = (
			);
			name = "AstrologyGuru WatchKit App";
			productName = "AstrologyGuru WatchKit App";
			productReference = 84D596C01ACC736600F59A94 /* AstrologyGuru WatchKit App.app */;
			productType = "com.apple.product-type.application.watchapp";
		};
/* End PBXNativeTarget section */

/* Begin PBXProject section */
		78C6F04619F33F3400E4B78F /* Project object */ = {
			isa = PBXProject;
			attributes = {
				LastUpgradeCheck = 0600;
				ORGANIZATIONNAME = "DbCom Consulting";
				TargetAttributes = {
					78C6F04D19F33F3500E4B78F = {
						CreatedOnToolsVersion = 6.0.1;
						DevelopmentTeam = Y28UXTXT8U;
						SystemCapabilities = {
							com.apple.ApplicationGroups.iOS = {
								enabled = 1;
							};
						};
					};
					78C6F06219F33F3500E4B78F = {
						CreatedOnToolsVersion = 6.0.1;
						TestTargetID = 78C6F04D19F33F3500E4B78F;
					};
					84D596B51ACC736600F59A94 = {
						CreatedOnToolsVersion = 6.2;
						DevelopmentTeam = Y28UXTXT8U;
						SystemCapabilities = {
							com.apple.ApplicationGroups.iOS = {
								enabled = 1;
							};
						};
					};
					84D596BF1ACC736600F59A94 = {
						CreatedOnToolsVersion = 6.2;
					};
				};
			};
			buildConfigurationList = 78C6F04919F33F3400E4B78F /* Build configuration list for PBXProject "AstrologyGuru" */;
			compatibilityVersion = "Xcode 3.2";
			developmentRegion = English;
			hasScannedForEncodings = 0;
			knownRegions = (
				en,
				Base,
			);
			mainGroup = 78C6F04519F33F3400E4B78F;
			productRefGroup = 78C6F04F19F33F3500E4B78F /* Products */;
			projectDirPath = "";
			projectRoot = "";
			targets = (
				78C6F04D19F33F3500E4B78F /* AstrologyGuru */,
				78C6F06219F33F3500E4B78F /* AstrologyGuruTests */,
				84D596B51ACC736600F59A94 /* AstrologyGuru WatchKit Extension */,
				84D596BF1ACC736600F59A94 /* AstrologyGuru WatchKit App */,
			);
		};
/* End PBXProject section */

/* Begin PBXResourcesBuildPhase section */
		78C6F04C19F33F3500E4B78F /* Resources */ = {
			isa = PBXResourcesBuildPhase;
			buildActionMask = 2147483647;
			files = (
				78C6F05919F33F3500E4B78F /* Main.storyboard in Resources */,
				84E677641AE5BB13005670B2 /* happy3.png in Resources */,
				84E677601AE5BB13005670B2 /* happy2.png in Resources */,
				84E6778C1AE5BB13005670B2 /* happy13.png in Resources */,
				848739DC1AD3980500F9725C /* moneybag.jpg in Resources */,
				78C6F05E19F33F3500E4B78F /* LaunchScreen.xib in Resources */,
				84E677881AE5BB13005670B2 /* happy12.png in Resources */,
				84E677951AE5C024005670B2 /* watchkitStoryboard.storyboard in Resources */,
				84E37A6F1B093B6A00442D56 /* parse-library-1-11 in Resources */,
				84E677801AE5BB13005670B2 /* happy10.png in Resources */,
				84E677841AE5BB13005670B2 /* happy11.png in Resources */,
				84E677741AE5BB13005670B2 /* happy7.png in Resources */,
				84E677701AE5BB13005670B2 /* happy6.png in Resources */,
				84E677781AE5BB13005670B2 /* happy8.png in Resources */,
				84BD894F1A51F2D10029297C /* StoryboardAstrology.storyboard in Resources */,
				848739E81AD39B4900F9725C /* fight.jpg in Resources */,
				84E6776C1AE5BB13005670B2 /* happy5.png in Resources */,
				848739E41AD398A300F9725C /* astrologyThumbsUp.jpg in Resources */,
				84E6775C1AE5BB13005670B2 /* happy1.png in Resources */,
				84D596D71ACC7DD400F59A94 /* smiley.jpg in Resources */,
				84E6777C1AE5BB13005670B2 /* happy9.png in Resources */,
				848739D81AD397F800F9725C /* thumbs-down.jpg in Resources */,
				78C6F05B19F33F3500E4B78F /* Images.xcassets in Resources */,
				84E677901AE5BB13005670B2 /* happy14.png in Resources */,
				848739E01AD3988300F9725C /* delay.jpg in Resources */,
				84E677681AE5BB13005670B2 /* happy4.png in Resources */,
			);
			runOnlyForDeploymentPostprocessing = 0;
		};
		78C6F06119F33F3500E4B78F /* Resources */ = {
			isa = PBXResourcesBuildPhase;
			buildActionMask = 2147483647;
			files = (
				84E6776D1AE5BB13005670B2 /* happy5.png in Resources */,
				84E677911AE5BB13005670B2 /* happy14.png in Resources */,
				84E677451AE5B708005670B2 /* steve7.gif in Resources */,
				84E677611AE5BB13005670B2 /* happy2.png in Resources */,
				84E677391AE5B708005670B2 /* steve3.gif in Resources */,
				84E6775D1AE5BB13005670B2 /* happy1.png in Resources */,
				84E677481AE5B708005670B2 /* steve8.gif in Resources */,
				84E6778D1AE5BB13005670B2 /* happy13.png in Resources */,
				84E677691AE5BB13005670B2 /* happy4.png in Resources */,
				84E6777D1AE5BB13005670B2 /* happy9.png in Resources */,
				84E6772A1AE5B708005670B2 /* steve11.gif in Resources */,
				84E677811AE5BB13005670B2 /* happy10.png in Resources */,
				84E6772D1AE5B708005670B2 /* steve12.gif in Resources */,
				84E6773C1AE5B708005670B2 /* steve4.gif in Resources */,
				84E677651AE5BB13005670B2 /* happy3.png in Resources */,
				84E6774B1AE5B708005670B2 /* steve9.gif in Resources */,
				84E6773F1AE5B708005670B2 /* steve5.gif in Resources */,
				84E677241AE5B708005670B2 /* steve1.gif in Resources */,
				84E677421AE5B708005670B2 /* steve6.gif in Resources */,
				84E677791AE5BB13005670B2 /* happy8.png in Resources */,
				84E677331AE5B708005670B2 /* steve14.gif in Resources */,
				84E677961AE5C024005670B2 /* watchkitStoryboard.storyboard in Resources */,
				84E677851AE5BB13005670B2 /* happy11.png in Resources */,
				84E677271AE5B708005670B2 /* steve10.gif in Resources */,
				84E677751AE5BB13005670B2 /* happy7.png in Resources */,
				84E677711AE5BB13005670B2 /* happy6.png in Resources */,
				84E677891AE5BB13005670B2 /* happy12.png in Resources */,
				84E677301AE5B708005670B2 /* steve13.gif in Resources */,
				84E677361AE5B708005670B2 /* steve2.gif in Resources */,
			);
			runOnlyForDeploymentPostprocessing = 0;
		};
		84D596B41ACC736600F59A94 /* Resources */ = {
			isa = PBXResourcesBuildPhase;
			buildActionMask = 2147483647;
			files = (
				848739DD1AD3980500F9725C /* moneybag.jpg in Resources */,
				84E677821AE5BB13005670B2 /* happy10.png in Resources */,
				84E677621AE5BB13005670B2 /* happy2.png in Resources */,
				848739E11AD3988300F9725C /* delay.jpg in Resources */,
				84E6774C1AE5B708005670B2 /* steve9.gif in Resources */,
				848739E91AD39B4900F9725C /* fight.jpg in Resources */,
				84D596D81ACC7DD400F59A94 /* smiley.jpg in Resources */,
				84E677461AE5B708005670B2 /* steve7.gif in Resources */,
				84E6777A1AE5BB13005670B2 /* happy8.png in Resources */,
				84E677661AE5BB13005670B2 /* happy3.png in Resources */,
				84E677311AE5B708005670B2 /* steve13.gif in Resources */,
				84E677341AE5B708005670B2 /* steve14.gif in Resources */,
				84E6778E1AE5BB13005670B2 /* happy13.png in Resources */,
				84E6776E1AE5BB13005670B2 /* happy5.png in Resources */,
				84D596C11ACC736600F59A94 /* AstrologyGuru WatchKit App.app in Resources */,
				848739D91AD397F800F9725C /* thumbs-down.jpg in Resources */,
				84E677401AE5B708005670B2 /* steve5.gif in Resources */,
				84E6777E1AE5BB13005670B2 /* happy9.png in Resources */,
				84E677761AE5BB13005670B2 /* happy7.png in Resources */,
				84E677861AE5BB13005670B2 /* happy11.png in Resources */,
				84E677971AE5C024005670B2 /* watchkitStoryboard.storyboard in Resources */,
				84E6773A1AE5B708005670B2 /* steve3.gif in Resources */,
				84E677921AE5BB13005670B2 /* happy14.png in Resources */,
				84E677251AE5B708005670B2 /* steve1.gif in Resources */,
				84E6773D1AE5B708005670B2 /* steve4.gif in Resources */,
				84E677281AE5B708005670B2 /* steve10.gif in Resources */,
				84E677491AE5B708005670B2 /* steve8.gif in Resources */,
				84D596BD1ACC736600F59A94 /* Images.xcassets in Resources */,
				84E6775E1AE5BB13005670B2 /* happy1.png in Resources */,
				84E6772E1AE5B708005670B2 /* steve12.gif in Resources */,
				84E6778A1AE5BB13005670B2 /* happy12.png in Resources */,
				84E6776A1AE5BB13005670B2 /* happy4.png in Resources */,
				84E677431AE5B708005670B2 /* steve6.gif in Resources */,
				848739E51AD398A300F9725C /* astrologyThumbsUp.jpg in Resources */,
				84E677721AE5BB13005670B2 /* happy6.png in Resources */,
				84E6772B1AE5B708005670B2 /* steve11.gif in Resources */,
				84E677371AE5B708005670B2 /* steve2.gif in Resources */,
			);
			runOnlyForDeploymentPostprocessing = 0;
		};
		84D596BE1ACC736600F59A94 /* Resources */ = {
			isa = PBXResourcesBuildPhase;
			buildActionMask = 2147483647;
			files = (
				84E677831AE5BB13005670B2 /* happy10.png in Resources */,
				84E677931AE5BB13005670B2 /* happy14.png in Resources */,
				84E677291AE5B708005670B2 /* steve10.gif in Resources */,
				84E677871AE5BB13005670B2 /* happy11.png in Resources */,
				848739DE1AD3980500F9725C /* moneybag.jpg in Resources */,
				84E6776F1AE5BB13005670B2 /* happy5.png in Resources */,
				84E677351AE5B708005670B2 /* steve14.gif in Resources */,
				848739E21AD3988300F9725C /* delay.jpg in Resources */,
				84E6773B1AE5B708005670B2 /* steve3.gif in Resources */,
				84E677411AE5B708005670B2 /* steve5.gif in Resources */,
				84E6775F1AE5BB13005670B2 /* happy1.png in Resources */,
				84E6776B1AE5BB13005670B2 /* happy4.png in Resources */,
				848739EA1AD39B4900F9725C /* fight.jpg in Resources */,
				84E677771AE5BB13005670B2 /* happy7.png in Resources */,
				84D596D91ACC7DD400F59A94 /* smiley.jpg in Resources */,
				84E6777F1AE5BB13005670B2 /* happy9.png in Resources */,
				848739DA1AD397F800F9725C /* thumbs-down.jpg in Resources */,
				84E677631AE5BB13005670B2 /* happy2.png in Resources */,
				84E6774A1AE5B708005670B2 /* steve8.gif in Resources */,
				84E6778F1AE5BB13005670B2 /* happy13.png in Resources */,
				84E677471AE5B708005670B2 /* steve7.gif in Resources */,
				84E677731AE5BB13005670B2 /* happy6.png in Resources */,
				84E677321AE5B708005670B2 /* steve13.gif in Resources */,
				84E6773E1AE5B708005670B2 /* steve4.gif in Resources */,
				84E677981AE5C024005670B2 /* watchkitStoryboard.storyboard in Resources */,
				84E6774D1AE5B708005670B2 /* steve9.gif in Resources */,
				84E6772C1AE5B708005670B2 /* steve11.gif in Resources */,
				84D596CB1ACC736600F59A94 /* Images.xcassets in Resources */,
				84E6777B1AE5BB13005670B2 /* happy8.png in Resources */,
				84E677671AE5BB13005670B2 /* happy3.png in Resources */,
				84E6778B1AE5BB13005670B2 /* happy12.png in Resources */,
				84E677441AE5B708005670B2 /* steve6.gif in Resources */,
				84E6772F1AE5B708005670B2 /* steve12.gif in Resources */,
				84E677261AE5B708005670B2 /* steve1.gif in Resources */,
				848739E61AD398A300F9725C /* astrologyThumbsUp.jpg in Resources */,
				84E677381AE5B708005670B2 /* steve2.gif in Resources */,
			);
			runOnlyForDeploymentPostprocessing = 0;
		};
/* End PBXResourcesBuildPhase section */

/* Begin PBXSourcesBuildPhase section */
		78C6F04A19F33F3500E4B78F /* Sources */ = {
			isa = PBXSourcesBuildPhase;
			buildActionMask = 2147483647;
			files = (
				84CF907B1A414767006CED02 /* sunriseModel.swift in Sources */,
				84E37A711B093BCD00442D56 /* CustomClass.m in Sources */,
				78C6F05619F33F3500E4B78F /* ViewController.swift in Sources */,
				84473C291A70316500758B10 /* thirdAgainViewController.swift in Sources */,
				84D4A1921A42478E00DFF797 /* astrologyDatesModel.swift in Sources */,
				84D597121ACCDD7800F59A94 /* FWAnalogClock.m in Sources */,
				846FFA091A5721AD00603D5D /* ViewControllerSecond.swift in Sources */,
				78C6F05419F33F3500E4B78F /* AppDelegate.swift in Sources */,
			);
			runOnlyForDeploymentPostprocessing = 0;
		};
		78C6F05F19F33F3500E4B78F /* Sources */ = {
			isa = PBXSourcesBuildPhase;
			buildActionMask = 2147483647;
			files = (
				78C6F06A19F33F3500E4B78F /* LocationTests.swift in Sources */,
			);
			runOnlyForDeploymentPostprocessing = 0;
		};
		84D596B21ACC736600F59A94 /* Sources */ = {
			isa = PBXSourcesBuildPhase;
			buildActionMask = 2147483647;
			files = (
				84D596BB1ACC736600F59A94 /* InterfaceController.swift in Sources */,
				84D597131ACCDD7800F59A94 /* FWAnalogClock.m in Sources */,
			);
			runOnlyForDeploymentPostprocessing = 0;
		};
/* End PBXSourcesBuildPhase section */

/* Begin PBXTargetDependency section */
		78C6F06519F33F3500E4B78F /* PBXTargetDependency */ = {
			isa = PBXTargetDependency;
			target = 78C6F04D19F33F3500E4B78F /* AstrologyGuru */;
			targetProxy = 78C6F06419F33F3500E4B78F /* PBXContainerItemProxy */;
		};
		84D596C31ACC736600F59A94 /* PBXTargetDependency */ = {
			isa = PBXTargetDependency;
			target = 84D596BF1ACC736600F59A94 /* AstrologyGuru WatchKit App */;
			targetProxy = 84D596C21ACC736600F59A94 /* PBXContainerItemProxy */;
		};
		84D596CD1ACC736600F59A94 /* PBXTargetDependency */ = {
			isa = PBXTargetDependency;
			target = 84D596B51ACC736600F59A94 /* AstrologyGuru WatchKit Extension */;
			targetProxy = 84D596CC1ACC736600F59A94 /* PBXContainerItemProxy */;
		};
/* End PBXTargetDependency section */

/* Begin PBXVariantGroup section */
		78C6F05719F33F3500E4B78F /* Main.storyboard */ = {
			isa = PBXVariantGroup;
			children = (
				78C6F05819F33F3500E4B78F /* Base */,
			);
			name = Main.storyboard;
			sourceTree = "<group>";
		};
		78C6F05C19F33F3500E4B78F /* LaunchScreen.xib */ = {
			isa = PBXVariantGroup;
			children = (
				78C6F05D19F33F3500E4B78F /* Base */,
			);
			name = LaunchScreen.xib;
			sourceTree = "<group>";
		};
/* End PBXVariantGroup section */

/* Begin XCBuildConfiguration section */
		78C6F06B19F33F3500E4B78F /* Debug */ = {
			isa = XCBuildConfiguration;
			buildSettings = {
				ALWAYS_SEARCH_USER_PATHS = NO;
				CLANG_CXX_LANGUAGE_STANDARD = "gnu++0x";
				CLANG_CXX_LIBRARY = "libc++";
				CLANG_ENABLE_MODULES = YES;
				CLANG_ENABLE_OBJC_ARC = YES;
				CLANG_WARN_BOOL_CONVERSION = YES;
				CLANG_WARN_CONSTANT_CONVERSION = YES;
				CLANG_WARN_DIRECT_OBJC_ISA_USAGE = YES_ERROR;
				CLANG_WARN_EMPTY_BODY = YES;
				CLANG_WARN_ENUM_CONVERSION = YES;
				CLANG_WARN_INT_CONVERSION = YES;
				CLANG_WARN_OBJC_ROOT_CLASS = YES_ERROR;
				CLANG_WARN_UNREACHABLE_CODE = YES;
				CLANG_WARN__DUPLICATE_METHOD_MATCH = YES;
				"CODE_SIGN_IDENTITY[sdk=iphoneos*]" = "iPhone Developer";
				COPY_PHASE_STRIP = NO;
				ENABLE_STRICT_OBJC_MSGSEND = YES;
				GCC_C_LANGUAGE_STANDARD = gnu99;
				GCC_DYNAMIC_NO_PIC = NO;
				GCC_OPTIMIZATION_LEVEL = 0;
				GCC_PREPROCESSOR_DEFINITIONS = (
					"DEBUG=1",
					"$(inherited)",
				);
				GCC_SYMBOLS_PRIVATE_EXTERN = NO;
				GCC_WARN_64_TO_32_BIT_CONVERSION = YES;
				GCC_WARN_ABOUT_RETURN_TYPE = YES_ERROR;
				GCC_WARN_UNDECLARED_SELECTOR = YES;
				GCC_WARN_UNINITIALIZED_AUTOS = YES_AGGRESSIVE;
				GCC_WARN_UNUSED_FUNCTION = YES;
				GCC_WARN_UNUSED_VARIABLE = YES;
				IPHONEOS_DEPLOYMENT_TARGET = 8.0;
				MTL_ENABLE_DEBUG_INFO = YES;
				ONLY_ACTIVE_ARCH = YES;
				SDKROOT = iphoneos;
				SWIFT_OPTIMIZATION_LEVEL = "-Onone";
				TARGETED_DEVICE_FAMILY = "1,2";
			};
			name = Debug;
		};
		78C6F06C19F33F3500E4B78F /* Release */ = {
			isa = XCBuildConfiguration;
			buildSettings = {
				ALWAYS_SEARCH_USER_PATHS = NO;
				CLANG_CXX_LANGUAGE_STANDARD = "gnu++0x";
				CLANG_CXX_LIBRARY = "libc++";
				CLANG_ENABLE_MODULES = YES;
				CLANG_ENABLE_OBJC_ARC = YES;
				CLANG_WARN_BOOL_CONVERSION = YES;
				CLANG_WARN_CONSTANT_CONVERSION = YES;
				CLANG_WARN_DIRECT_OBJC_ISA_USAGE = YES_ERROR;
				CLANG_WARN_EMPTY_BODY = YES;
				CLANG_WARN_ENUM_CONVERSION = YES;
				CLANG_WARN_INT_CONVERSION = YES;
				CLANG_WARN_OBJC_ROOT_CLASS = YES_ERROR;
				CLANG_WARN_UNREACHABLE_CODE = YES;
				CLANG_WARN__DUPLICATE_METHOD_MATCH = YES;
				"CODE_SIGN_IDENTITY[sdk=iphoneos*]" = "iPhone Developer";
				COPY_PHASE_STRIP = YES;
				ENABLE_NS_ASSERTIONS = NO;
				ENABLE_STRICT_OBJC_MSGSEND = YES;
				GCC_C_LANGUAGE_STANDARD = gnu99;
				GCC_WARN_64_TO_32_BIT_CONVERSION = YES;
				GCC_WARN_ABOUT_RETURN_TYPE = YES_ERROR;
				GCC_WARN_UNDECLARED_SELECTOR = YES;
				GCC_WARN_UNINITIALIZED_AUTOS = YES_AGGRESSIVE;
				GCC_WARN_UNUSED_FUNCTION = YES;
				GCC_WARN_UNUSED_VARIABLE = YES;
				IPHONEOS_DEPLOYMENT_TARGET = 8.0;
				MTL_ENABLE_DEBUG_INFO = NO;
				SDKROOT = iphoneos;
				TARGETED_DEVICE_FAMILY = "1,2";
				VALIDATE_PRODUCT = YES;
			};
			name = Release;
		};
		78C6F06E19F33F3500E4B78F /* Debug */ = {
			isa = XCBuildConfiguration;
			buildSettings = {
				ASSETCATALOG_COMPILER_APPICON_NAME = AppIcon;
				ASSETCATALOG_COMPILER_LAUNCHIMAGE_NAME = LaunchImage;
				CLANG_ENABLE_MODULES = YES;
				CODE_SIGN_ENTITLEMENTS = AstrologyGuru.entitlements;
				CODE_SIGN_IDENTITY = "iPhone Developer";
				"CODE_SIGN_IDENTITY[sdk=iphoneos*]" = "iPhone Developer";
				EMBEDDED_CONTENT_CONTAINS_SWIFT = YES;
				FRAMEWORK_SEARCH_PATHS = (
					"$(inherited)",
					"$(PROJECT_DIR)/parse-library-1-11",
				);
				INFOPLIST_FILE = Location/Info.plist;
				LD_RUNPATH_SEARCH_PATHS = "$(inherited) @executable_path/Frameworks";
				PRODUCT_NAME = "$(TARGET_NAME)";
				PROVISIONING_PROFILE = "";
				SWIFT_OBJC_BRIDGING_HEADER = "Location/AstrologyGuru-Bridging-Header.h";
				SWIFT_OPTIMIZATION_LEVEL = "-Onone";
				TARGETED_DEVICE_FAMILY = 1;
			};
			name = Debug;
		};
		78C6F06F19F33F3500E4B78F /* Release */ = {
			isa = XCBuildConfiguration;
			buildSettings = {
				ASSETCATALOG_COMPILER_APPICON_NAME = AppIcon;
				ASSETCATALOG_COMPILER_LAUNCHIMAGE_NAME = LaunchImage;
				CLANG_ENABLE_MODULES = YES;
				CODE_SIGN_ENTITLEMENTS = AstrologyGuru.entitlements;
				CODE_SIGN_IDENTITY = "iPhone Developer";
				"CODE_SIGN_IDENTITY[sdk=iphoneos*]" = "iPhone Developer";
				EMBEDDED_CONTENT_CONTAINS_SWIFT = YES;
				FRAMEWORK_SEARCH_PATHS = (
					"$(inherited)",
					"$(PROJECT_DIR)/parse-library-1-11",
				);
				INFOPLIST_FILE = Location/Info.plist;
				LD_RUNPATH_SEARCH_PATHS = "$(inherited) @executable_path/Frameworks";
				PRODUCT_NAME = "$(TARGET_NAME)";
				PROVISIONING_PROFILE = "";
				SWIFT_OBJC_BRIDGING_HEADER = "Location/AstrologyGuru-Bridging-Header.h";
				TARGETED_DEVICE_FAMILY = 1;
			};
			name = Release;
		};
		78C6F07119F33F3500E4B78F /* Debug */ = {
			isa = XCBuildConfiguration;
			buildSettings = {
				BUNDLE_LOADER = "$(TEST_HOST)";
				FRAMEWORK_SEARCH_PATHS = (
					"$(SDKROOT)/Developer/Library/Frameworks",
					"$(inherited)",
				);
				GCC_PREPROCESSOR_DEFINITIONS = (
					"DEBUG=1",
					"$(inherited)",
				);
				INFOPLIST_FILE = LocationTests/Info.plist;
				LD_RUNPATH_SEARCH_PATHS = "$(inherited) @executable_path/Frameworks @loader_path/Frameworks";
				PRODUCT_NAME = AstrologyGuruTests;
				TEST_HOST = "$(BUILT_PRODUCTS_DIR)/Location.app/Location";
			};
			name = Debug;
		};
		78C6F07219F33F3500E4B78F /* Release */ = {
			isa = XCBuildConfiguration;
			buildSettings = {
				BUNDLE_LOADER = "$(TEST_HOST)";
				FRAMEWORK_SEARCH_PATHS = (
					"$(SDKROOT)/Developer/Library/Frameworks",
					"$(inherited)",
				);
				INFOPLIST_FILE = LocationTests/Info.plist;
				LD_RUNPATH_SEARCH_PATHS = "$(inherited) @executable_path/Frameworks @loader_path/Frameworks";
				PRODUCT_NAME = AstrologyGuruTests;
				TEST_HOST = "$(BUILT_PRODUCTS_DIR)/Location.app/Location";
			};
			name = Release;
		};
		84D596CF1ACC736600F59A94 /* Debug */ = {
			isa = XCBuildConfiguration;
			buildSettings = {
				CLANG_ENABLE_MODULES = YES;
				CODE_SIGN_ENTITLEMENTS = "AstrologyGuru WatchKit Extension/AstrologyGuru WatchKit Extension.entitlements";
				CODE_SIGN_IDENTITY = "iPhone Developer";
				"CODE_SIGN_IDENTITY[sdk=iphoneos*]" = "iPhone Developer";
				GCC_PREPROCESSOR_DEFINITIONS = (
					"DEBUG=1",
					"$(inherited)",
				);
				INFOPLIST_FILE = "AstrologyGuru WatchKit Extension/Info.plist";
				IPHONEOS_DEPLOYMENT_TARGET = 8.2;
				LD_RUNPATH_SEARCH_PATHS = "$(inherited) @executable_path/Frameworks @executable_path/../../Frameworks";
				PRODUCT_NAME = "${TARGET_NAME}";
				PROVISIONING_PROFILE = "";
				SKIP_INSTALL = YES;
				SWIFT_OBJC_BRIDGING_HEADER = "Location/AstrologyGuru WatchKit Extension-Bridging-Header.h";
				SWIFT_OPTIMIZATION_LEVEL = "-Onone";
			};
			name = Debug;
		};
		84D596D01ACC736600F59A94 /* Release */ = {
			isa = XCBuildConfiguration;
			buildSettings = {
				CLANG_ENABLE_MODULES = YES;
				CODE_SIGN_ENTITLEMENTS = "AstrologyGuru WatchKit Extension/AstrologyGuru WatchKit Extension.entitlements";
				CODE_SIGN_IDENTITY = "iPhone Developer";
				"CODE_SIGN_IDENTITY[sdk=iphoneos*]" = "iPhone Developer";
				COPY_PHASE_STRIP = NO;
				INFOPLIST_FILE = "AstrologyGuru WatchKit Extension/Info.plist";
				IPHONEOS_DEPLOYMENT_TARGET = 8.2;
				LD_RUNPATH_SEARCH_PATHS = "$(inherited) @executable_path/Frameworks @executable_path/../../Frameworks";
				PRODUCT_NAME = "${TARGET_NAME}";
				PROVISIONING_PROFILE = "";
				SKIP_INSTALL = YES;
				SWIFT_OBJC_BRIDGING_HEADER = "Location/AstrologyGuru WatchKit Extension-Bridging-Header.h";
			};
			name = Release;
		};
		84D596D11ACC736600F59A94 /* Debug */ = {
			isa = XCBuildConfiguration;
			buildSettings = {
				ASSETCATALOG_COMPILER_APPICON_NAME = AppIcon;
				GCC_PREPROCESSOR_DEFINITIONS = (
					"DEBUG=1",
					"$(inherited)",
				);
				IBSC_MODULE = AstrologyGuru_WatchKit_Extension;
				INFOPLIST_FILE = "AstrologyGuru WatchKit App/Info.plist";
				IPHONEOS_DEPLOYMENT_TARGET = 8.2;
				PRODUCT_NAME = "$(TARGET_NAME)";
				SKIP_INSTALL = YES;
				TARGETED_DEVICE_FAMILY = 4;
				"TARGETED_DEVICE_FAMILY[sdk=iphonesimulator*]" = "1,4";
			};
			name = Debug;
		};
		84D596D21ACC736600F59A94 /* Release */ = {
			isa = XCBuildConfiguration;
			buildSettings = {
				ASSETCATALOG_COMPILER_APPICON_NAME = AppIcon;
				COPY_PHASE_STRIP = NO;
				IBSC_MODULE = AstrologyGuru_WatchKit_Extension;
				INFOPLIST_FILE = "AstrologyGuru WatchKit App/Info.plist";
				IPHONEOS_DEPLOYMENT_TARGET = 8.2;
				PRODUCT_NAME = "$(TARGET_NAME)";
				SKIP_INSTALL = YES;
				TARGETED_DEVICE_FAMILY = 4;
				"TARGETED_DEVICE_FAMILY[sdk=iphonesimulator*]" = "1,4";
			};
			name = Release;
		};
/* End XCBuildConfiguration section */

/* Begin XCConfigurationList section */
		78C6F04919F33F3400E4B78F /* Build configuration list for PBXProject "AstrologyGuru" */ = {
			isa = XCConfigurationList;
			buildConfigurations = (
				78C6F06B19F33F3500E4B78F /* Debug */,
				78C6F06C19F33F3500E4B78F /* Release */,
			);
			defaultConfigurationIsVisible = 0;
			defaultConfigurationName = Release;
		};
		78C6F06D19F33F3500E4B78F /* Build configuration list for PBXNativeTarget "AstrologyGuru" */ = {
			isa = XCConfigurationList;
			buildConfigurations = (
				78C6F06E19F33F3500E4B78F /* Debug */,
				78C6F06F19F33F3500E4B78F /* Release */,
			);
			defaultConfigurationIsVisible = 0;
			defaultConfigurationName = Release;
		};
		78C6F07019F33F3500E4B78F /* Build configuration list for PBXNativeTarget "AstrologyGuruTests" */ = {
			isa = XCConfigurationList;
			buildConfigurations = (
				78C6F07119F33F3500E4B78F /* Debug */,
				78C6F07219F33F3500E4B78F /* Release */,
			);
			defaultConfigurationIsVisible = 0;
			defaultConfigurationName = Release;
		};
		84D596D31ACC736600F59A94 /* Build configuration list for PBXNativeTarget "AstrologyGuru WatchKit App" */ = {
			isa = XCConfigurationList;
			buildConfigurations = (
				84D596D11ACC736600F59A94 /* Debug */,
				84D596D21ACC736600F59A94 /* Release */,
			);
			defaultConfigurationIsVisible = 0;
			defaultConfigurationName = Release;
		};
		84D596D41ACC736600F59A94 /* Build configuration list for PBXNativeTarget "AstrologyGuru WatchKit Extension" */ = {
			isa = XCConfigurationList;
			buildConfigurations = (
				84D596CF1ACC736600F59A94 /* Debug */,
				84D596D01ACC736600F59A94 /* Release */,
			);
			defaultConfigurationIsVisible = 0;
			defaultConfigurationName = Release;
		};
/* End XCConfigurationList section */
	};
	rootObject = 78C6F04619F33F3400E4B78F /* Project object */;
}
